{
    "name": "example02",
    "version": "0.0.1",
    "lockfileVersion": 3,
    "requires": true,
    "packages": {
        "": {
            "name": "example02",
            "version": "0.0.1",
            "dependencies": {
                "underscore": "~1.2.1"
            }
        },
        "node_modules/underscore": {
            "version": "1.2.4",
            "resolved": "https://mirrors.cloud.tencent.com/npm/underscore/-/underscore-1.2.4.tgz",
            "integrity": "sha512-WvFu6gnoSYDtm/hncQgO00QgFTxlmiw2Uv3DoU7yq5aLD4RhX7cUHO4TDU53JWy5E63Ex4yYsm1+9t2cZvefnQ==",
            "engines": {
                "node": "*"
            }
        }
    }
}
